
Microsoft Visual Studio Solution File, Format Version 12.00
# Visual Studio Version 16
VisualStudioVersion = 16.0.29209.62
MinimumVisualStudioVersion = 10.0.40219.1
Project("{FAE04EC0-301F-11D3-BF4B-00C04F79EFBC}") = "_13ºSalario", "_13ºSalario\_13ºSalario.csproj", "{E5B6471B-06D9-4922-9C9C-EA64C3215EF7}"
EndProject
Global
	GlobalSection(SolutionConfigurationPlatforms) = preSolution
		Debug|Any CPU = Debug|Any CPU
		Release|Any CPU = Release|Any CPU
	EndGlobalSection
	GlobalSection(ProjectConfigurationPlatforms) = postSolution
		{E5B6471B-06D9-4922-9C9C-EA64C3215EF7}.Debug|Any CPU.ActiveCfg = Debug|Any CPU
		{E5B6471B-06D9-4922-9C9C-EA64C3215EF7}.Debug|Any CPU.Build.0 = Debug|Any CPU
		{E5B6471B-06D9-4922-9C9C-EA64C3215EF7}.Release|Any CPU.ActiveCfg = Release|Any CPU
		{E5B6471B-06D9-4922-9C9C-EA64C3215EF7}.Release|Any CPU.Build.0 = Release|Any CPU
	EndGlobalSection
	GlobalSection(SolutionProperties) = preSolution
		HideSolutionNode = FALSE
	EndGlobalSection
	GlobalSection(ExtensibilityGlobals) = postSolution
		SolutionGuid = {A322962C-57B7-4514-8EB1-E17651A3B20F}
	EndGlobalSection
EndGlobal
